
Microsoft Visual Studio Solution File, Format Version 12.00
# Visual Studio Version 16
VisualStudioVersion = 16.0.29613.14
MinimumVisualStudioVersion = 10.0.40219.1
Project("{9A19103F-16F7-4668-BE54-9A1E7A4F7556}") = "homeCinema.Data", "homeCinema.Data\homeCinema.Data.csproj", "{DDD10D2E-15AD-4754-B03E-1FA11C5CBCD3}"
EndProject
Project("{9A19103F-16F7-4668-BE54-9A1E7A4F7556}") = "homeCinema.WebApp", "homeCinema.WebApp\homeCinema.WebApp.csproj", "{80ADD6AE-BA3A-4A2D-9A74-5DAB94DC8C0F}"
EndProject
Project("{9A19103F-16F7-4668-BE54-9A1E7A4F7556}") = "homeCinema.Application", "homeCinema.Application\homeCinema.Application.csproj", "{8DB4828F-CDF3-4FAB-808A-019F67293814}"
EndProject
Global
	GlobalSection(SolutionConfigurationPlatforms) = preSolution
		Debug|Any CPU = Debug|Any CPU
		Release|Any CPU = Release|Any CPU
	EndGlobalSection
	GlobalSection(ProjectConfigurationPlatforms) = postSolution
		{DDD10D2E-15AD-4754-B03E-1FA11C5CBCD3}.Debug|Any CPU.ActiveCfg = Debug|Any CPU
		{DDD10D2E-15AD-4754-B03E-1FA11C5CBCD3}.Debug|Any CPU.Build.0 = Debug|Any CPU
		{DDD10D2E-15AD-4754-B03E-1FA11C5CBCD3}.Release|Any CPU.ActiveCfg = Release|Any CPU
		{DDD10D2E-15AD-4754-B03E-1FA11C5CBCD3}.Release|Any CPU.Build.0 = Release|Any CPU
		{80ADD6AE-BA3A-4A2D-9A74-5DAB94DC8C0F}.Debug|Any CPU.ActiveCfg = Debug|Any CPU
		{80ADD6AE-BA3A-4A2D-9A74-5DAB94DC8C0F}.Debug|Any CPU.Build.0 = Debug|Any CPU
		{80ADD6AE-BA3A-4A2D-9A74-5DAB94DC8C0F}.Release|Any CPU.ActiveCfg = Release|Any CPU
		{80ADD6AE-BA3A-4A2D-9A74-5DAB94DC8C0F}.Release|Any CPU.Build.0 = Release|Any CPU
		{8DB4828F-CDF3-4FAB-808A-019F67293814}.Debug|Any CPU.ActiveCfg = Debug|Any CPU
		{8DB4828F-CDF3-4FAB-808A-019F67293814}.Debug|Any CPU.Build.0 = Debug|Any CPU
		{8DB4828F-CDF3-4FAB-808A-019F67293814}.Release|Any CPU.ActiveCfg = Release|Any CPU
		{8DB4828F-CDF3-4FAB-808A-019F67293814}.Release|Any CPU.Build.0 = Release|Any CPU
	EndGlobalSection
	GlobalSection(SolutionProperties) = preSolution
		HideSolutionNode = FALSE
	EndGlobalSection
	GlobalSection(ExtensibilityGlobals) = postSolution
		SolutionGuid = {1DFF9938-7A19-4865-A708-B0EA358B4F53}
	EndGlobalSection
EndGlobal
